
Microsoft Visual Studio Solution File, Format Version 12.00
# Visual Studio Version 16
VisualStudioVersion = 16.0.30104.148
MinimumVisualStudioVersion = 10.0.40219.1
Project("{FAE04EC0-301F-11D3-BF4B-00C04F79EFBC}") = "Water Tracker", "Water Tracker\Water Tracker.csproj", "{C09E04F1-F251-4263-92D6-ED191CA38A37}"
EndProject
Global
	GlobalSection(SolutionConfigurationPlatforms) = preSolution
		Debug|Any CPU = Debug|Any CPU
		Release|Any CPU = Release|Any CPU
	EndGlobalSection
	GlobalSection(ProjectConfigurationPlatforms) = postSolution
		{C09E04F1-F251-4263-92D6-ED191CA38A37}.Debug|Any CPU.ActiveCfg = Debug|Any CPU
		{C09E04F1-F251-4263-92D6-ED191CA38A37}.Debug|Any CPU.Build.0 = Debug|Any CPU
		{C09E04F1-F251-4263-92D6-ED191CA38A37}.Release|Any CPU.ActiveCfg = Release|Any CPU
		{C09E04F1-F251-4263-92D6-ED191CA38A37}.Release|Any CPU.Build.0 = Release|Any CPU
	EndGlobalSection
	GlobalSection(SolutionProperties) = preSolution
		HideSolutionNode = FALSE
	EndGlobalSection
	GlobalSection(ExtensibilityGlobals) = postSolution
		SolutionGuid = {2E7C7DB9-63A2-49CE-830A-4EE4073B0484}
	EndGlobalSection
EndGlobal
